{
  "name": "automerge-map-perf",
  "version": "1.0.0",
  "lockfileVersion": 3,
  "requires": true,
  "packages": {
    "": {
      "name": "automerge-map-perf",
      "version": "1.0.0",
      "dependencies": {
        "@automerge/automerge": "^2.1.3"
      }
    },
    "node_modules/@automerge/automerge": {
      "version": "2.1.3",
      "resolved": "https://registry.npmjs.org/@automerge/automerge/-/automerge-2.1.3.tgz",
      "integrity": "sha512-SNRlLdFdwcMDBhe9a2LWgldXQT0VAZFnekyPx63U8DwdPCqr7Bk2Bg2Hk+bqOJvwsKB1rnzyFBL8hVqzC6elDQ==",
      "dependencies": {
        "@automerge/automerge-wasm": "^0.2.14",
        "uuid": "^9.0.0"
      }
    },
    "node_modules/@automerge/automerge-wasm": {
      "version": "0.2.14",
      "resolved": "https://registry.npmjs.org/@automerge/automerge-wasm/-/automerge-wasm-0.2.14.tgz",
      "integrity": "sha512-GXopyTWmQXmslkKCX9xDoZY7NNdroBtIHXMdCzX6m86L7O0nWiX1p5iar6oOimtG2MELjknlndsSYgMIB8tTSA=="
    },
    "node_modules/uuid": {
      "version": "9.0.1",
      "resolved": "https://registry.npmjs.org/uuid/-/uuid-9.0.1.tgz",
      "integrity": "sha512-b+1eJOlsR9K8HJpow9Ok3fiWOWSIcIzXodvv0rQjVoOVNpWMpxf1wZNpt4y9h10odCNrqnYp1OBzRktckBe3sA==",
      "funding": [
        "https://github.com/sponsors/broofa",
        "https://github.com/sponsors/ctavan"
      ],
      "bin": {
        "uuid": "dist/bin/uuid"
      }
    }
  }
}
