# THIS IS AN AUTOGENERATED FILE. DO NOT EDIT THIS FILE DIRECTLY.
# yarn lockfile v1


"@automerge/automerge-wasm@0.1.17":
  version "0.1.17"
  resolved "https://registry.yarnpkg.com/@automerge/automerge-wasm/-/automerge-wasm-0.1.17.tgz#f4011fdb891f6f4ff925f165af090b604d5df7de"
  integrity sha512-P+ZsqPEorceLhDX467RA0hHP/0Zh2NXCe32uoX6RbIgj6/Io97YRmNlMw2HrZx7tKsUis+DNIxWxk74RvoIkFg==

"@automerge/automerge@2.0.0":
  version "2.0.0"
  resolved "https://registry.yarnpkg.com/@automerge/automerge/-/automerge-2.0.0.tgz#2becd93b0941af2b62ad5b953337ad886395b359"
  integrity sha512-hQK5hvo+1ngFxEIxxitO1cnCPDdNFstfvPfTiIygwE1NFcxvBnUOpA/Egt+Z+HgYaK+czf4SxSNelXUY74oQwg==
  dependencies:
    "@automerge/automerge-wasm" "0.1.17"
    uuid "^8.3"

isomorphic.js@^0.2.4:
  version "0.2.5"
  resolved "https://registry.yarnpkg.com/isomorphic.js/-/isomorphic.js-0.2.5.tgz#13eecf36f2dba53e85d355e11bf9d4208c6f7f88"
  integrity sha512-PIeMbHqMt4DnUP3MA/Flc0HElYjMXArsw1qwJZcm9sqR8mq3l8NYizFMty0pWwE/tzIGH3EKK5+jes5mAr85yw==

lib0@^0.2.74:
  version "0.2.86"
  resolved "https://registry.yarnpkg.com/lib0/-/lib0-0.2.86.tgz#86ccc3366ca3b6f8b5d8713c03f2a67ed7bc5f3e"
  integrity sha512-kxigQTM4Q7NwJkEgdqQvU21qiR37twcqqLmh+/SbiGbRLfPlLVbHyY9sWp7PwXh0Xus9ELDSjsUOwcrdt5yZ4w==
  dependencies:
    isomorphic.js "^0.2.4"

uuid@^8.3:
  version "8.3.2"
  resolved "https://registry.yarnpkg.com/uuid/-/uuid-8.3.2.tgz#80d5b5ced271bb9af6c445f21a1a04c606cefbe2"
  integrity sha512-+NYs2QeMWy+GWFOEm9xnn6HCDp0l7QBD7ml8zLUmJ+93Q5NF0NocErnwkTkXVFNiX3/fpC6afS8Dhb/gz7R7eg==

yjs@^13.6.8:
  version "13.6.8"
  resolved "https://registry.yarnpkg.com/yjs/-/yjs-13.6.8.tgz#0d6cebf4d7e69b08ede5ecf6368ddbd9c7603c2e"
  integrity sha512-ZPq0hpJQb6f59B++Ngg4cKexDJTvfOgeiv0sBc4sUm8CaBWH7OQC4kcCgrqbjJ/B2+6vO49exvTmYfdlPtcjbg==
  dependencies:
    lib0 "^0.2.74"
